
Microsoft Visual Studio Solution File, Format Version 12.00
# Visual Studio 15
VisualStudioVersion = 15.0.28010.2016
MinimumVisualStudioVersion = 10.0.40219.1
Project("{FAE04EC0-301F-11D3-BF4B-00C04F79EFBC}") = "ProjLaboratorioFinal", "ProjLaboratorioFinal\ProjLaboratorioFinal.csproj", "{F93AE605-6518-493D-97EA-FB15A6EF4300}"
EndProject
Project("{FAE04EC0-301F-11D3-BF4B-00C04F79EFBC}") = "Dados", "Dados\Dados.csproj", "{2E3E18E1-A2B9-4048-8376-87129215E4EE}"
EndProject
Project("{FAE04EC0-301F-11D3-BF4B-00C04F79EFBC}") = "Entidade", "Entidade\Entidade.csproj", "{EDE76FBE-5DB3-459B-84F4-6DA41F429624}"
EndProject
Project("{FAE04EC0-301F-11D3-BF4B-00C04F79EFBC}") = "Model", "Model\Model.csproj", "{3FB72675-E69D-442E-8BE5-D3D6C7221CE5}"
EndProject
Project("{FAE04EC0-301F-11D3-BF4B-00C04F79EFBC}") = "ServicoWCF", "ServicoWCF\ServicoWCF.csproj", "{13FFB9F5-26D4-4674-96C5-894BFD7DBF33}"
EndProject
Global
	GlobalSection(SolutionConfigurationPlatforms) = preSolution
		Debug|Any CPU = Debug|Any CPU
		Release|Any CPU = Release|Any CPU
	EndGlobalSection
	GlobalSection(ProjectConfigurationPlatforms) = postSolution
		{F93AE605-6518-493D-97EA-FB15A6EF4300}.Debug|Any CPU.ActiveCfg = Debug|Any CPU
		{F93AE605-6518-493D-97EA-FB15A6EF4300}.Debug|Any CPU.Build.0 = Debug|Any CPU
		{F93AE605-6518-493D-97EA-FB15A6EF4300}.Release|Any CPU.ActiveCfg = Release|Any CPU
		{F93AE605-6518-493D-97EA-FB15A6EF4300}.Release|Any CPU.Build.0 = Release|Any CPU
		{2E3E18E1-A2B9-4048-8376-87129215E4EE}.Debug|Any CPU.ActiveCfg = Debug|Any CPU
		{2E3E18E1-A2B9-4048-8376-87129215E4EE}.Debug|Any CPU.Build.0 = Debug|Any CPU
		{2E3E18E1-A2B9-4048-8376-87129215E4EE}.Release|Any CPU.ActiveCfg = Release|Any CPU
		{2E3E18E1-A2B9-4048-8376-87129215E4EE}.Release|Any CPU.Build.0 = Release|Any CPU
		{EDE76FBE-5DB3-459B-84F4-6DA41F429624}.Debug|Any CPU.ActiveCfg = Debug|Any CPU
		{EDE76FBE-5DB3-459B-84F4-6DA41F429624}.Debug|Any CPU.Build.0 = Debug|Any CPU
		{EDE76FBE-5DB3-459B-84F4-6DA41F429624}.Release|Any CPU.ActiveCfg = Release|Any CPU
		{EDE76FBE-5DB3-459B-84F4-6DA41F429624}.Release|Any CPU.Build.0 = Release|Any CPU
		{3FB72675-E69D-442E-8BE5-D3D6C7221CE5}.Debug|Any CPU.ActiveCfg = Debug|Any CPU
		{3FB72675-E69D-442E-8BE5-D3D6C7221CE5}.Debug|Any CPU.Build.0 = Debug|Any CPU
		{3FB72675-E69D-442E-8BE5-D3D6C7221CE5}.Release|Any CPU.ActiveCfg = Release|Any CPU
		{3FB72675-E69D-442E-8BE5-D3D6C7221CE5}.Release|Any CPU.Build.0 = Release|Any CPU
		{13FFB9F5-26D4-4674-96C5-894BFD7DBF33}.Debug|Any CPU.ActiveCfg = Debug|Any CPU
		{13FFB9F5-26D4-4674-96C5-894BFD7DBF33}.Debug|Any CPU.Build.0 = Debug|Any CPU
		{13FFB9F5-26D4-4674-96C5-894BFD7DBF33}.Release|Any CPU.ActiveCfg = Release|Any CPU
		{13FFB9F5-26D4-4674-96C5-894BFD7DBF33}.Release|Any CPU.Build.0 = Release|Any CPU
	EndGlobalSection
	GlobalSection(SolutionProperties) = preSolution
		HideSolutionNode = FALSE
	EndGlobalSection
	GlobalSection(ExtensibilityGlobals) = postSolution
		SolutionGuid = {E9612BD9-B775-4E53-8C2E-141C7F5ECB82}
	EndGlobalSection
EndGlobal
